
Microsoft Visual Studio Solution File, Format Version 12.00
# Visual Studio Version 17
VisualStudioVersion = 17.8.34330.188
MinimumVisualStudioVersion = 10.0.40219.1
Project("{FAE04EC0-301F-11D3-BF4B-00C04F79EFBC}") = "HM10", "HM10\HM10.csproj", "{97523FA2-BB0D-4307-A204-4F3459A3E601}"
EndProject
Global
	GlobalSection(SolutionConfigurationPlatforms) = preSolution
		Debug|Any CPU = Debug|Any CPU
		Release|Any CPU = Release|Any CPU
	EndGlobalSection
	GlobalSection(ProjectConfigurationPlatforms) = postSolution
		{97523FA2-BB0D-4307-A204-4F3459A3E601}.Debug|Any CPU.ActiveCfg = Debug|Any CPU
		{97523FA2-BB0D-4307-A204-4F3459A3E601}.Debug|Any CPU.Build.0 = Debug|Any CPU
		{97523FA2-BB0D-4307-A204-4F3459A3E601}.Release|Any CPU.ActiveCfg = Release|Any CPU
		{97523FA2-BB0D-4307-A204-4F3459A3E601}.Release|Any CPU.Build.0 = Release|Any CPU
	EndGlobalSection
	GlobalSection(SolutionProperties) = preSolution
		HideSolutionNode = FALSE
	EndGlobalSection
	GlobalSection(ExtensibilityGlobals) = postSolution
		SolutionGuid = {98338C78-266E-4D6E-83B2-C08C6A0FC95E}
	EndGlobalSection
EndGlobal
