
Microsoft Visual Studio Solution File, Format Version 12.00
# Visual Studio Version 17
VisualStudioVersion = 17.8.34330.188
MinimumVisualStudioVersion = 10.0.40219.1
Project("{FAE04EC0-301F-11D3-BF4B-00C04F79EFBC}") = "OB_Graf", "OB_Graf\OB_Graf.csproj", "{F2A6EBFC-08DE-4DF2-BD4A-2281DD4949B5}"
EndProject
Project("{FAE04EC0-301F-11D3-BF4B-00C04F79EFBC}") = "OB_Graf2", "OB_Graf2\OB_Graf2.csproj", "{FCE3FB9C-5209-4E0C-9652-90A4DCD7E47D}"
EndProject
Global
	GlobalSection(SolutionConfigurationPlatforms) = preSolution
		Debug|Any CPU = Debug|Any CPU
		Release|Any CPU = Release|Any CPU
	EndGlobalSection
	GlobalSection(ProjectConfigurationPlatforms) = postSolution
		{F2A6EBFC-08DE-4DF2-BD4A-2281DD4949B5}.Debug|Any CPU.ActiveCfg = Debug|Any CPU
		{F2A6EBFC-08DE-4DF2-BD4A-2281DD4949B5}.Debug|Any CPU.Build.0 = Debug|Any CPU
		{F2A6EBFC-08DE-4DF2-BD4A-2281DD4949B5}.Release|Any CPU.ActiveCfg = Release|Any CPU
		{F2A6EBFC-08DE-4DF2-BD4A-2281DD4949B5}.Release|Any CPU.Build.0 = Release|Any CPU
		{FCE3FB9C-5209-4E0C-9652-90A4DCD7E47D}.Debug|Any CPU.ActiveCfg = Debug|Any CPU
		{FCE3FB9C-5209-4E0C-9652-90A4DCD7E47D}.Debug|Any CPU.Build.0 = Debug|Any CPU
		{FCE3FB9C-5209-4E0C-9652-90A4DCD7E47D}.Release|Any CPU.ActiveCfg = Release|Any CPU
		{FCE3FB9C-5209-4E0C-9652-90A4DCD7E47D}.Release|Any CPU.Build.0 = Release|Any CPU
	EndGlobalSection
	GlobalSection(SolutionProperties) = preSolution
		HideSolutionNode = FALSE
	EndGlobalSection
	GlobalSection(ExtensibilityGlobals) = postSolution
		SolutionGuid = {6C7B0F12-9FEF-42C1-8CB7-54140042BE93}
	EndGlobalSection
EndGlobal
